// !$*UTF8*$!
{
	archiveVersion = 1;
	classes = {
	};
	objectVersion = 52;
	objects = {

/* Begin PBXBuildFile section */
		EEA14E4925E6A4AD0095502B /* AppDelegate.swift in Sources */ = {isa = PBXBuildFile; fileRef = EEA14E4825E6A4AD0095502B /* AppDelegate.swift */; };
		EEA14E4B25E6A4AD0095502B /* SceneDelegate.swift in Sources */ = {isa = PBXBuildFile; fileRef = EEA14E4A25E6A4AD0095502B /* SceneDelegate.swift */; };
		EEA14E4D25E6A4AD0095502B /* ViewController.swift in Sources */ = {isa = PBXBuildFile; fileRef = EEA14E4C25E6A4AD0095502B /* ViewController.swift */; };
		EEA14E5025E6A4AD0095502B /* Main.storyboard in Resources */ = {isa = PBXBuildFile; fileRef = EEA14E4E25E6A4AD0095502B /* Main.storyboard */; };
		EEA14E5225E6A4AF0095502B /* Assets.xcassets in Resources */ = {isa = PBXBuildFile; fileRef = EEA14E5125E6A4AF0095502B /* Assets.xcassets */; };
		EEA14E5525E6A4AF0095502B /* LaunchScreen.storyboard in Resources */ = {isa = PBXBuildFile; fileRef = EEA14E5325E6A4AF0095502B /* LaunchScreen.storyboard */; };
		EEA14E6025E6A4B00095502B /* SeventeenTestTests.swift in Sources */ = {isa = PBXBuildFile; fileRef = EEA14E5F25E6A4B00095502B /* SeventeenTestTests.swift */; };
		EEA14E6B25E6A4B00095502B /* SeventeenTestUITests.swift in Sources */ = {isa = PBXBuildFile; fileRef = EEA14E6A25E6A4B00095502B /* SeventeenTestUITests.swift */; };
		EEA14E8225E6A9CD0095502B /* DataModel.swift in Sources */ = {isa = PBXBuildFile; fileRef = EEA14E8125E6A9CD0095502B /* DataModel.swift */; };
		EEA14E8725E6B6960095502B /* ViewModel.swift in Sources */ = {isa = PBXBuildFile; fileRef = EEA14E8625E6B6960095502B /* ViewModel.swift */; };
		EEA14E8D25E6B7000095502B /* SnapKit in Frameworks */ = {isa = PBXBuildFile; productRef = EEA14E8C25E6B7000095502B /* SnapKit */; };
		EEA14E9325E6B8220095502B /* SDWebImage in Frameworks */ = {isa = PBXBuildFile; productRef = EEA14E9225E6B8220095502B /* SDWebImage */; };
		EEA14E9825E6C01A0095502B /* CollectionViewCell.swift in Sources */ = {isa = PBXBuildFile; fileRef = EEA14E9725E6C01A0095502B /* CollectionViewCell.swift */; };
		EEA14EB125E77EE50095502B /* Alamofire in Frameworks */ = {isa = PBXBuildFile; productRef = EEA14EB025E77EE50095502B /* Alamofire */; };
/* End PBXBuildFile section */

/* Begin PBXContainerItemProxy section */
		EEA14E5C25E6A4B00095502B /* PBXContainerItemProxy */ = {
			isa = PBXContainerItemProxy;
			containerPortal = EEA14E3D25E6A4AD0095502B /* Project object */;
			proxyType = 1;
			remoteGlobalIDString = EEA14E4425E6A4AD0095502B;
			remoteInfo = SeventeenTest;
		};
		EEA14E6725E6A4B00095502B /* PBXContainerItemProxy */ = {
			isa = PBXContainerItemProxy;
			containerPortal = EEA14E3D25E6A4AD0095502B /* Project object */;
			proxyType = 1;
			remoteGlobalIDString = EEA14E4425E6A4AD0095502B;
			remoteInfo = SeventeenTest;
		};
/* End PBXContainerItemProxy section */

/* Begin PBXFileReference section */
		EEA14E4525E6A4AD0095502B /* SeventeenTest.app */ = {isa = PBXFileReference; explicitFileType = wrapper.application; includeInIndex = 0; path = SeventeenTest.app; sourceTree = BUILT_PRODUCTS_DIR; };
		EEA14E4825E6A4AD0095502B /* AppDelegate.swift */ = {isa = PBXFileReference; lastKnownFileType = sourcecode.swift; path = AppDelegate.swift; sourceTree = "<group>"; };
		EEA14E4A25E6A4AD0095502B /* SceneDelegate.swift */ = {isa = PBXFileReference; lastKnownFileType = sourcecode.swift; path = SceneDelegate.swift; sourceTree = "<group>"; };
		EEA14E4C25E6A4AD0095502B /* ViewController.swift */ = {isa = PBXFileReference; lastKnownFileType = sourcecode.swift; path = ViewController.swift; sourceTree = "<group>"; };
		EEA14E4F25E6A4AD0095502B /* Base */ = {isa = PBXFileReference; lastKnownFileType = file.storyboard; name = Base; path = Base.lproj/Main.storyboard; sourceTree = "<group>"; };
		EEA14E5125E6A4AF0095502B /* Assets.xcassets */ = {isa = PBXFileReference; lastKnownFileType = folder.assetcatalog; path = Assets.xcassets; sourceTree = "<group>"; };
		EEA14E5425E6A4AF0095502B /* Base */ = {isa = PBXFileReference; lastKnownFileType = file.storyboard; name = Base; path = Base.lproj/LaunchScreen.storyboard; sourceTree = "<group>"; };
		EEA14E5625E6A4AF0095502B /* Info.plist */ = {isa = PBXFileReference; lastKnownFileType = text.plist.xml; path = Info.plist; sourceTree = "<group>"; };
		EEA14E5B25E6A4B00095502B /* SeventeenTestTests.xctest */ = {isa = PBXFileReference; explicitFileType = wrapper.cfbundle; includeInIndex = 0; path = SeventeenTestTests.xctest; sourceTree = BUILT_PRODUCTS_DIR; };
		EEA14E5F25E6A4B00095502B /* SeventeenTestTests.swift */ = {isa = PBXFileReference; lastKnownFileType = sourcecode.swift; path = SeventeenTestTests.swift; sourceTree = "<group>"; };
		EEA14E6125E6A4B00095502B /* Info.plist */ = {isa = PBXFileReference; lastKnownFileType = text.plist.xml; path = Info.plist; sourceTree = "<group>"; };
		EEA14E6625E6A4B00095502B /* SeventeenTestUITests.xctest */ = {isa = PBXFileReference; explicitFileType = wrapper.cfbundle; includeInIndex = 0; path = SeventeenTestUITests.xctest; sourceTree = BUILT_PRODUCTS_DIR; };
		EEA14E6A25E6A4B00095502B /* SeventeenTestUITests.swift */ = {isa = PBXFileReference; lastKnownFileType = sourcecode.swift; path = SeventeenTestUITests.swift; sourceTree = "<group>"; };
		EEA14E6C25E6A4B00095502B /* Info.plist */ = {isa = PBXFileReference; lastKnownFileType = text.plist.xml; path = Info.plist; sourceTree = "<group>"; };
		EEA14E8125E6A9CD0095502B /* DataModel.swift */ = {isa = PBXFileReference; lastKnownFileType = sourcecode.swift; path = DataModel.swift; sourceTree = "<group>"; };
		EEA14E8625E6B6960095502B /* ViewModel.swift */ = {isa = PBXFileReference; lastKnownFileType = sourcecode.swift; path = ViewModel.swift; sourceTree = "<group>"; };
		EEA14E9725E6C01A0095502B /* CollectionViewCell.swift */ = {isa = PBXFileReference; lastKnownFileType = sourcecode.swift; path = CollectionViewCell.swift; sourceTree = "<group>"; };
/* End PBXFileReference section */

/* Begin PBXFrameworksBuildPhase section */
		EEA14E4225E6A4AD0095502B /* Frameworks */ = {
			isa = PBXFrameworksBuildPhase;
			buildActionMask = 2147483647;
			files = (
				EEA14E9325E6B8220095502B /* SDWebImage in Frameworks */,
				EEA14EB125E77EE50095502B /* Alamofire in Frameworks */,
				EEA14E8D25E6B7000095502B /* SnapKit in Frameworks */,
			);
			runOnlyForDeploymentPostprocessing = 0;
		};
		EEA14E5825E6A4B00095502B /* Frameworks */ = {
			isa = PBXFrameworksBuildPhase;
			buildActionMask = 2147483647;
			files = (
			);
			runOnlyForDeploymentPostprocessing = 0;
		};
		EEA14E6325E6A4B00095502B /* Frameworks */ = {
			isa = PBXFrameworksBuildPhase;
			buildActionMask = 2147483647;
			files = (
			);
			runOnlyForDeploymentPostprocessing = 0;
		};
/* End PBXFrameworksBuildPhase section */

/* Begin PBXGroup section */
		EEA14E3C25E6A4AD0095502B = {
			isa = PBXGroup;
			children = (
				EEA14E4725E6A4AD0095502B /* SeventeenTest */,
				EEA14E5E25E6A4B00095502B /* SeventeenTestTests */,
				EEA14E6925E6A4B00095502B /* SeventeenTestUITests */,
				EEA14E4625E6A4AD0095502B /* Products */,
			);
			sourceTree = "<group>";
		};
		EEA14E4625E6A4AD0095502B /* Products */ = {
			isa = PBXGroup;
			children = (
				EEA14E4525E6A4AD0095502B /* SeventeenTest.app */,
				EEA14E5B25E6A4B00095502B /* SeventeenTestTests.xctest */,
				EEA14E6625E6A4B00095502B /* SeventeenTestUITests.xctest */,
			);
			name = Products;
			sourceTree = "<group>";
		};
		EEA14E4725E6A4AD0095502B /* SeventeenTest */ = {
			isa = PBXGroup;
			children = (
				EEA14E4825E6A4AD0095502B /* AppDelegate.swift */,
				EEA14E5125E6A4AF0095502B /* Assets.xcassets */,
				EEA14E9725E6C01A0095502B /* CollectionViewCell.swift */,
				EEA14E8125E6A9CD0095502B /* DataModel.swift */,
				EEA14E5625E6A4AF0095502B /* Info.plist */,
				EEA14E5325E6A4AF0095502B /* LaunchScreen.storyboard */,
				EEA14E4E25E6A4AD0095502B /* Main.storyboard */,
				EEA14E4A25E6A4AD0095502B /* SceneDelegate.swift */,
				EEA14E4C25E6A4AD0095502B /* ViewController.swift */,
				EEA14E8625E6B6960095502B /* ViewModel.swift */,
			);
			path = SeventeenTest;
			sourceTree = "<group>";
		};
		EEA14E5E25E6A4B00095502B /* SeventeenTestTests */ = {
			isa = PBXGroup;
			children = (
				EEA14E5F25E6A4B00095502B /* SeventeenTestTests.swift */,
				EEA14E6125E6A4B00095502B /* Info.plist */,
			);
			path = SeventeenTestTests;
			sourceTree = "<group>";
		};
		EEA14E6925E6A4B00095502B /* SeventeenTestUITests */ = {
			isa = PBXGroup;
			children = (
				EEA14E6A25E6A4B00095502B /* SeventeenTestUITests.swift */,
				EEA14E6C25E6A4B00095502B /* Info.plist */,
			);
			path = SeventeenTestUITests;
			sourceTree = "<group>";
		};
/* End PBXGroup section */

/* Begin PBXNativeTarget section */
		EEA14E4425E6A4AD0095502B /* SeventeenTest */ = {
			isa = PBXNativeTarget;
			buildConfigurationList = EEA14E6F25E6A4B00095502B /* Build configuration list for PBXNativeTarget "SeventeenTest" */;
			buildPhases = (
				EEA14E4125E6A4AD0095502B /* Sources */,
				EEA14E4225E6A4AD0095502B /* Frameworks */,
				EEA14E4325E6A4AD0095502B /* Resources */,
			);
			buildRules = (
			);
			dependencies = (
			);
			name = SeventeenTest;
			packageProductDependencies = (
				EEA14E8C25E6B7000095502B /* SnapKit */,
				EEA14E9225E6B8220095502B /* SDWebImage */,
				EEA14EB025E77EE50095502B /* Alamofire */,
			);
			productName = SeventeenTest;
			productReference = EEA14E4525E6A4AD0095502B /* SeventeenTest.app */;
			productType = "com.apple.product-type.application";
		};
		EEA14E5A25E6A4B00095502B /* SeventeenTestTests */ = {
			isa = PBXNativeTarget;
			buildConfigurationList = EEA14E7225E6A4B00095502B /* Build configuration list for PBXNativeTarget "SeventeenTestTests" */;
			buildPhases = (
				EEA14E5725E6A4B00095502B /* Sources */,
				EEA14E5825E6A4B00095502B /* Frameworks */,
				EEA14E5925E6A4B00095502B /* Resources */,
			);
			buildRules = (
			);
			dependencies = (
				EEA14E5D25E6A4B00095502B /* PBXTargetDependency */,
			);
			name = SeventeenTestTests;
			productName = SeventeenTestTests;
			productReference = EEA14E5B25E6A4B00095502B /* SeventeenTestTests.xctest */;
			productType = "com.apple.product-type.bundle.unit-test";
		};
		EEA14E6525E6A4B00095502B /* SeventeenTestUITests */ = {
			isa = PBXNativeTarget;
			buildConfigurationList = EEA14E7525E6A4B00095502B /* Build configuration list for PBXNativeTarget "SeventeenTestUITests" */;
			buildPhases = (
				EEA14E6225E6A4B00095502B /* Sources */,
				EEA14E6325E6A4B00095502B /* Frameworks */,
				EEA14E6425E6A4B00095502B /* Resources */,
			);
			buildRules = (
			);
			dependencies = (
				EEA14E6825E6A4B00095502B /* PBXTargetDependency */,
			);
			name = SeventeenTestUITests;
			productName = SeventeenTestUITests;
			productReference = EEA14E6625E6A4B00095502B /* SeventeenTestUITests.xctest */;
			productType = "com.apple.product-type.bundle.ui-testing";
		};
/* End PBXNativeTarget section */

/* Begin PBXProject section */
		EEA14E3D25E6A4AD0095502B /* Project object */ = {
			isa = PBXProject;
			attributes = {
				LastSwiftUpdateCheck = 1240;
				LastUpgradeCheck = 1240;
				TargetAttributes = {
					EEA14E4425E6A4AD0095502B = {
						CreatedOnToolsVersion = 12.4;
					};
					EEA14E5A25E6A4B00095502B = {
						CreatedOnToolsVersion = 12.4;
						TestTargetID = EEA14E4425E6A4AD0095502B;
					};
					EEA14E6525E6A4B00095502B = {
						CreatedOnToolsVersion = 12.4;
						TestTargetID = EEA14E4425E6A4AD0095502B;
					};
				};
			};
			buildConfigurationList = EEA14E4025E6A4AD0095502B /* Build configuration list for PBXProject "SeventeenTest" */;
			compatibilityVersion = "Xcode 9.3";
			developmentRegion = en;
			hasScannedForEncodings = 0;
			knownRegions = (
				en,
				Base,
			);
			mainGroup = EEA14E3C25E6A4AD0095502B;
			packageReferences = (
				EEA14E8B25E6B7000095502B /* XCRemoteSwiftPackageReference "SnapKit" */,
				EEA14E9125E6B8220095502B /* XCRemoteSwiftPackageReference "SDWebImage" */,
				EEA14EAF25E77EE50095502B /* XCRemoteSwiftPackageReference "Alamofire" */,
			);
			productRefGroup = EEA14E4625E6A4AD0095502B /* Products */;
			projectDirPath = "";
			projectRoot = "";
			targets = (
				EEA14E4425E6A4AD0095502B /* SeventeenTest */,
				EEA14E5A25E6A4B00095502B /* SeventeenTestTests */,
				EEA14E6525E6A4B00095502B /* SeventeenTestUITests */,
			);
		};
/* End PBXProject section */

/* Begin PBXResourcesBuildPhase section */
		EEA14E4325E6A4AD0095502B /* Resources */ = {
			isa = PBXResourcesBuildPhase;
			buildActionMask = 2147483647;
			files = (
				EEA14E5525E6A4AF0095502B /* LaunchScreen.storyboard in Resources */,
				EEA14E5225E6A4AF0095502B /* Assets.xcassets in Resources */,
				EEA14E5025E6A4AD0095502B /* Main.storyboard in Resources */,
			);
			runOnlyForDeploymentPostprocessing = 0;
		};
		EEA14E5925E6A4B00095502B /* Resources */ = {
			isa = PBXResourcesBuildPhase;
			buildActionMask = 2147483647;
			files = (
			);
			runOnlyForDeploymentPostprocessing = 0;
		};
		EEA14E6425E6A4B00095502B /* Resources */ = {
			isa = PBXResourcesBuildPhase;
			buildActionMask = 2147483647;
			files = (
			);
			runOnlyForDeploymentPostprocessing = 0;
		};
/* End PBXResourcesBuildPhase section */

/* Begin PBXSourcesBuildPhase section */
		EEA14E4125E6A4AD0095502B /* Sources */ = {
			isa = PBXSourcesBuildPhase;
			buildActionMask = 2147483647;
			files = (
				EEA14E8225E6A9CD0095502B /* DataModel.swift in Sources */,
				EEA14E4D25E6A4AD0095502B /* ViewController.swift in Sources */,
				EEA14E4925E6A4AD0095502B /* AppDelegate.swift in Sources */,
				EEA14E9825E6C01A0095502B /* CollectionViewCell.swift in Sources */,
				EEA14E4B25E6A4AD0095502B /* SceneDelegate.swift in Sources */,
				EEA14E8725E6B6960095502B /* ViewModel.swift in Sources */,
			);
			runOnlyForDeploymentPostprocessing = 0;
		};
		EEA14E5725E6A4B00095502B /* Sources */ = {
			isa = PBXSourcesBuildPhase;
			buildActionMask = 2147483647;
			files = (
				EEA14E6025E6A4B00095502B /* SeventeenTestTests.swift in Sources */,
			);
			runOnlyForDeploymentPostprocessing = 0;
		};
		EEA14E6225E6A4B00095502B /* Sources */ = {
			isa = PBXSourcesBuildPhase;
			buildActionMask = 2147483647;
			files = (
				EEA14E6B25E6A4B00095502B /* SeventeenTestUITests.swift in Sources */,
			);
			runOnlyForDeploymentPostprocessing = 0;
		};
/* End PBXSourcesBuildPhase section */

/* Begin PBXTargetDependency section */
		EEA14E5D25E6A4B00095502B /* PBXTargetDependency */ = {
			isa = PBXTargetDependency;
			target = EEA14E4425E6A4AD0095502B /* SeventeenTest */;
			targetProxy = EEA14E5C25E6A4B00095502B /* PBXContainerItemProxy */;
		};
		EEA14E6825E6A4B00095502B /* PBXTargetDependency */ = {
			isa = PBXTargetDependency;
			target = EEA14E4425E6A4AD0095502B /* SeventeenTest */;
			targetProxy = EEA14E6725E6A4B00095502B /* PBXContainerItemProxy */;
		};
/* End PBXTargetDependency section */

/* Begin PBXVariantGroup section */
		EEA14E4E25E6A4AD0095502B /* Main.storyboard */ = {
			isa = PBXVariantGroup;
			children = (
				EEA14E4F25E6A4AD0095502B /* Base */,
			);
			name = Main.storyboard;
			sourceTree = "<group>";
		};
		EEA14E5325E6A4AF0095502B /* LaunchScreen.storyboard */ = {
			isa = PBXVariantGroup;
			children = (
				EEA14E5425E6A4AF0095502B /* Base */,
			);
			name = LaunchScreen.storyboard;
			sourceTree = "<group>";
		};
/* End PBXVariantGroup section */

/* Begin XCBuildConfiguration section */
		EEA14E6D25E6A4B00095502B /* Debug */ = {
			isa = XCBuildConfiguration;
			buildSettings = {
				ALWAYS_SEARCH_USER_PATHS = NO;
				CLANG_ANALYZER_NONNULL = YES;
				CLANG_ANALYZER_NUMBER_OBJECT_CONVERSION = YES_AGGRESSIVE;
				CLANG_CXX_LANGUAGE_STANDARD = "gnu++14";
				CLANG_CXX_LIBRARY = "libc++";
				CLANG_ENABLE_MODULES = YES;
				CLANG_ENABLE_OBJC_ARC = YES;
				CLANG_ENABLE_OBJC_WEAK = YES;
				CLANG_WARN_BLOCK_CAPTURE_AUTORELEASING = YES;
				CLANG_WARN_BOOL_CONVERSION = YES;
				CLANG_WARN_COMMA = YES;
				CLANG_WARN_CONSTANT_CONVERSION = YES;
				CLANG_WARN_DEPRECATED_OBJC_IMPLEMENTATIONS = YES;
				CLANG_WARN_DIRECT_OBJC_ISA_USAGE = YES_ERROR;
				CLANG_WARN_DOCUMENTATION_COMMENTS = YES;
				CLANG_WARN_EMPTY_BODY = YES;
				CLANG_WARN_ENUM_CONVERSION = YES;
				CLANG_WARN_INFINITE_RECURSION = YES;
				CLANG_WARN_INT_CONVERSION = YES;
				CLANG_WARN_NON_LITERAL_NULL_CONVERSION = YES;
				CLANG_WARN_OBJC_IMPLICIT_RETAIN_SELF = YES;
				CLANG_WARN_OBJC_LITERAL_CONVERSION = YES;
				CLANG_WARN_OBJC_ROOT_CLASS = YES_ERROR;
				CLANG_WARN_QUOTED_INCLUDE_IN_FRAMEWORK_HEADER = YES;
				CLANG_WARN_RANGE_LOOP_ANALYSIS = YES;
				CLANG_WARN_STRICT_PROTOTYPES = YES;
				CLANG_WARN_SUSPICIOUS_MOVE = YES;
				CLANG_WARN_UNGUARDED_AVAILABILITY = YES_AGGRESSIVE;
				CLANG_WARN_UNREACHABLE_CODE = YES;
				CLANG_WARN__DUPLICATE_METHOD_MATCH = YES;
				COPY_PHASE_STRIP = NO;
				DEBUG_INFORMATION_FORMAT = dwarf;
				ENABLE_STRICT_OBJC_MSGSEND = YES;
				ENABLE_TESTABILITY = YES;
				GCC_C_LANGUAGE_STANDARD = gnu11;
				GCC_DYNAMIC_NO_PIC = NO;
				GCC_NO_COMMON_BLOCKS = YES;
				GCC_OPTIMIZATION_LEVEL = 0;
				GCC_PREPROCESSOR_DEFINITIONS = (
					"DEBUG=1",
					"$(inherited)",
				);
				GCC_WARN_64_TO_32_BIT_CONVERSION = YES;
				GCC_WARN_ABOUT_RETURN_TYPE = YES_ERROR;
				GCC_WARN_UNDECLARED_SELECTOR = YES;
				GCC_WARN_UNINITIALIZED_AUTOS = YES_AGGRESSIVE;
				GCC_WARN_UNUSED_FUNCTION = YES;
				GCC_WARN_UNUSED_VARIABLE = YES;
				IPHONEOS_DEPLOYMENT_TARGET = 14.4;
				MTL_ENABLE_DEBUG_INFO = INCLUDE_SOURCE;
				MTL_FAST_MATH = YES;
				ONLY_ACTIVE_ARCH = YES;
				SDKROOT = iphoneos;
				SWIFT_ACTIVE_COMPILATION_CONDITIONS = DEBUG;
				SWIFT_OPTIMIZATION_LEVEL = "-Onone";
			};
			name = Debug;
		};
		EEA14E6E25E6A4B00095502B /* Release */ = {
			isa = XCBuildConfiguration;
			buildSettings = {
				ALWAYS_SEARCH_USER_PATHS = NO;
				CLANG_ANALYZER_NONNULL = YES;
				CLANG_ANALYZER_NUMBER_OBJECT_CONVERSION = YES_AGGRESSIVE;
				CLANG_CXX_LANGUAGE_STANDARD = "gnu++14";
				CLANG_CXX_LIBRARY = "libc++";
				CLANG_ENABLE_MODULES = YES;
				CLANG_ENABLE_OBJC_ARC = YES;
				CLANG_ENABLE_OBJC_WEAK = YES;
				CLANG_WARN_BLOCK_CAPTURE_AUTORELEASING = YES;
				CLANG_WARN_BOOL_CONVERSION = YES;
				CLANG_WARN_COMMA = YES;
				CLANG_WARN_CONSTANT_CONVERSION = YES;
				CLANG_WARN_DEPRECATED_OBJC_IMPLEMENTATIONS = YES;
				CLANG_WARN_DIRECT_OBJC_ISA_USAGE = YES_ERROR;
				CLANG_WARN_DOCUMENTATION_COMMENTS = YES;
				CLANG_WARN_EMPTY_BODY = YES;
				CLANG_WARN_ENUM_CONVERSION = YES;
				CLANG_WARN_INFINITE_RECURSION = YES;
				CLANG_WARN_INT_CONVERSION = YES;
				CLANG_WARN_NON_LITERAL_NULL_CONVERSION = YES;
				CLANG_WARN_OBJC_IMPLICIT_RETAIN_SELF = YES;
				CLANG_WARN_OBJC_LITERAL_CONVERSION = YES;
				CLANG_WARN_OBJC_ROOT_CLASS = YES_ERROR;
				CLANG_WARN_QUOTED_INCLUDE_IN_FRAMEWORK_HEADER = YES;
				CLANG_WARN_RANGE_LOOP_ANALYSIS = YES;
				CLANG_WARN_STRICT_PROTOTYPES = YES;
				CLANG_WARN_SUSPICIOUS_MOVE = YES;
				CLANG_WARN_UNGUARDED_AVAILABILITY = YES_AGGRESSIVE;
				CLANG_WARN_UNREACHABLE_CODE = YES;
				CLANG_WARN__DUPLICATE_METHOD_MATCH = YES;
				COPY_PHASE_STRIP = NO;
				DEBUG_INFORMATION_FORMAT = "dwarf-with-dsym";
				ENABLE_NS_ASSERTIONS = NO;
				ENABLE_STRICT_OBJC_MSGSEND = YES;
				GCC_C_LANGUAGE_STANDARD = gnu11;
				GCC_NO_COMMON_BLOCKS = YES;
				GCC_WARN_64_TO_32_BIT_CONVERSION = YES;
				GCC_WARN_ABOUT_RETURN_TYPE = YES_ERROR;
				GCC_WARN_UNDECLARED_SELECTOR = YES;
				GCC_WARN_UNINITIALIZED_AUTOS = YES_AGGRESSIVE;
				GCC_WARN_UNUSED_FUNCTION = YES;
				GCC_WARN_UNUSED_VARIABLE = YES;
				IPHONEOS_DEPLOYMENT_TARGET = 14.4;
				MTL_ENABLE_DEBUG_INFO = NO;
				MTL_FAST_MATH = YES;
				SDKROOT = iphoneos;
				SWIFT_COMPILATION_MODE = wholemodule;
				SWIFT_OPTIMIZATION_LEVEL = "-O";
				VALIDATE_PRODUCT = YES;
			};
			name = Release;
		};
		EEA14E7025E6A4B00095502B /* Debug */ = {
			isa = XCBuildConfiguration;
			buildSettings = {
				ASSETCATALOG_COMPILER_APPICON_NAME = AppIcon;
				ASSETCATALOG_COMPILER_GLOBAL_ACCENT_COLOR_NAME = AccentColor;
				CODE_SIGN_STYLE = Automatic;
				DEVELOPMENT_TEAM = PN7KX8NCEE;
				INFOPLIST_FILE = SeventeenTest/Info.plist;
				IPHONEOS_DEPLOYMENT_TARGET = 11.0;
				LD_RUNPATH_SEARCH_PATHS = (
					"$(inherited)",
					"@executable_path/Frameworks",
				);
				PRODUCT_BUNDLE_IDENTIFIER = com.WeiKuo.SeventeenTest;
				PRODUCT_NAME = "$(TARGET_NAME)";
				SWIFT_VERSION = 5.0;
				TARGETED_DEVICE_FAMILY = "1,2";
			};
			name = Debug;
		};
		EEA14E7125E6A4B00095502B /* Release */ = {
			isa = XCBuildConfiguration;
			buildSettings = {
				ASSETCATALOG_COMPILER_APPICON_NAME = AppIcon;
				ASSETCATALOG_COMPILER_GLOBAL_ACCENT_COLOR_NAME = AccentColor;
				CODE_SIGN_STYLE = Automatic;
				DEVELOPMENT_TEAM = PN7KX8NCEE;
				INFOPLIST_FILE = SeventeenTest/Info.plist;
				IPHONEOS_DEPLOYMENT_TARGET = 11.0;
				LD_RUNPATH_SEARCH_PATHS = (
					"$(inherited)",
					"@executable_path/Frameworks",
				);
				PRODUCT_BUNDLE_IDENTIFIER = com.WeiKuo.SeventeenTest;
				PRODUCT_NAME = "$(TARGET_NAME)";
				SWIFT_VERSION = 5.0;
				TARGETED_DEVICE_FAMILY = "1,2";
			};
			name = Release;
		};
		EEA14E7325E6A4B00095502B /* Debug */ = {
			isa = XCBuildConfiguration;
			buildSettings = {
				ALWAYS_EMBED_SWIFT_STANDARD_LIBRARIES = YES;
				BUNDLE_LOADER = "$(TEST_HOST)";
				CODE_SIGN_STYLE = Automatic;
				DEVELOPMENT_TEAM = PN7KX8NCEE;
				INFOPLIST_FILE = SeventeenTestTests/Info.plist;
				IPHONEOS_DEPLOYMENT_TARGET = 14.4;
				LD_RUNPATH_SEARCH_PATHS = (
					"$(inherited)",
					"@executable_path/Frameworks",
					"@loader_path/Frameworks",
				);
				PRODUCT_BUNDLE_IDENTIFIER = com.WeiKuo.SeventeenTestTests;
				PRODUCT_NAME = "$(TARGET_NAME)";
				SWIFT_VERSION = 5.0;
				TARGETED_DEVICE_FAMILY = "1,2";
				TEST_HOST = "$(BUILT_PRODUCTS_DIR)/SeventeenTest.app/SeventeenTest";
			};
			name = Debug;
		};
		EEA14E7425E6A4B00095502B /* Release */ = {
			isa = XCBuildConfiguration;
			buildSettings = {
				ALWAYS_EMBED_SWIFT_STANDARD_LIBRARIES = YES;
				BUNDLE_LOADER = "$(TEST_HOST)";
				CODE_SIGN_STYLE = Automatic;
				DEVELOPMENT_TEAM = PN7KX8NCEE;
				INFOPLIST_FILE = SeventeenTestTests/Info.plist;
				IPHONEOS_DEPLOYMENT_TARGET = 14.4;
				LD_RUNPATH_SEARCH_PATHS = (
					"$(inherited)",
					"@executable_path/Frameworks",
					"@loader_path/Frameworks",
				);
				PRODUCT_BUNDLE_IDENTIFIER = com.WeiKuo.SeventeenTestTests;
				PRODUCT_NAME = "$(TARGET_NAME)";
				SWIFT_VERSION = 5.0;
				TARGETED_DEVICE_FAMILY = "1,2";
				TEST_HOST = "$(BUILT_PRODUCTS_DIR)/SeventeenTest.app/SeventeenTest";
			};
			name = Release;
		};
		EEA14E7625E6A4B00095502B /* Debug */ = {
			isa = XCBuildConfiguration;
			buildSettings = {
				ALWAYS_EMBED_SWIFT_STANDARD_LIBRARIES = YES;
				CODE_SIGN_STYLE = Automatic;
				DEVELOPMENT_TEAM = PN7KX8NCEE;
				INFOPLIST_FILE = SeventeenTestUITests/Info.plist;
				LD_RUNPATH_SEARCH_PATHS = (
					"$(inherited)",
					"@executable_path/Frameworks",
					"@loader_path/Frameworks",
				);
				PRODUCT_BUNDLE_IDENTIFIER = com.WeiKuo.SeventeenTestUITests;
				PRODUCT_NAME = "$(TARGET_NAME)";
				SWIFT_VERSION = 5.0;
				TARGETED_DEVICE_FAMILY = "1,2";
				TEST_TARGET_NAME = SeventeenTest;
			};
			name = Debug;
		};
		EEA14E7725E6A4B00095502B /* Release */ = {
			isa = XCBuildConfiguration;
			buildSettings = {
				ALWAYS_EMBED_SWIFT_STANDARD_LIBRARIES = YES;
				CODE_SIGN_STYLE = Automatic;
				DEVELOPMENT_TEAM = PN7KX8NCEE;
				INFOPLIST_FILE = SeventeenTestUITests/Info.plist;
				LD_RUNPATH_SEARCH_PATHS = (
					"$(inherited)",
					"@executable_path/Frameworks",
					"@loader_path/Frameworks",
				);
				PRODUCT_BUNDLE_IDENTIFIER = com.WeiKuo.SeventeenTestUITests;
				PRODUCT_NAME = "$(TARGET_NAME)";
				SWIFT_VERSION = 5.0;
				TARGETED_DEVICE_FAMILY = "1,2";
				TEST_TARGET_NAME = SeventeenTest;
			};
			name = Release;
		};
/* End XCBuildConfiguration section */

/* Begin XCConfigurationList section */
		EEA14E4025E6A4AD0095502B /* Build configuration list for PBXProject "SeventeenTest" */ = {
			isa = XCConfigurationList;
			buildConfigurations = (
				EEA14E6D25E6A4B00095502B /* Debug */,
				EEA14E6E25E6A4B00095502B /* Release */,
			);
			defaultConfigurationIsVisible = 0;
			defaultConfigurationName = Release;
		};
		EEA14E6F25E6A4B00095502B /* Build configuration list for PBXNativeTarget "SeventeenTest" */ = {
			isa = XCConfigurationList;
			buildConfigurations = (
				EEA14E7025E6A4B00095502B /* Debug */,
				EEA14E7125E6A4B00095502B /* Release */,
			);
			defaultConfigurationIsVisible = 0;
			defaultConfigurationName = Release;
		};
		EEA14E7225E6A4B00095502B /* Build configuration list for PBXNativeTarget "SeventeenTestTests" */ = {
			isa = XCConfigurationList;
			buildConfigurations = (
				EEA14E7325E6A4B00095502B /* Debug */,
				EEA14E7425E6A4B00095502B /* Release */,
			);
			defaultConfigurationIsVisible = 0;
			defaultConfigurationName = Release;
		};
		EEA14E7525E6A4B00095502B /* Build configuration list for PBXNativeTarget "SeventeenTestUITests" */ = {
			isa = XCConfigurationList;
			buildConfigurations = (
				EEA14E7625E6A4B00095502B /* Debug */,
				EEA14E7725E6A4B00095502B /* Release */,
			);
			defaultConfigurationIsVisible = 0;
			defaultConfigurationName = Release;
		};
/* End XCConfigurationList section */

/* Begin XCRemoteSwiftPackageReference section */
		EEA14E8B25E6B7000095502B /* XCRemoteSwiftPackageReference "SnapKit" */ = {
			isa = XCRemoteSwiftPackageReference;
			repositoryURL = "https://github.com/SnapKit/SnapKit";
			requirement = {
				kind = upToNextMajorVersion;
				minimumVersion = 5.0.1;
			};
		};
		EEA14E9125E6B8220095502B /* XCRemoteSwiftPackageReference "SDWebImage" */ = {
			isa = XCRemoteSwiftPackageReference;
			repositoryURL = "https://github.com/SDWebImage/SDWebImage";
			requirement = {
				kind = upToNextMajorVersion;
				minimumVersion = 5.10.4;
			};
		};
		EEA14EAF25E77EE50095502B /* XCRemoteSwiftPackageReference "Alamofire" */ = {
			isa = XCRemoteSwiftPackageReference;
			repositoryURL = "https://github.com/Alamofire/Alamofire";
			requirement = {
				kind = upToNextMajorVersion;
				minimumVersion = 5.4.1;
			};
		};
/* End XCRemoteSwiftPackageReference section */

/* Begin XCSwiftPackageProductDependency section */
		EEA14E8C25E6B7000095502B /* SnapKit */ = {
			isa = XCSwiftPackageProductDependency;
			package = EEA14E8B25E6B7000095502B /* XCRemoteSwiftPackageReference "SnapKit" */;
			productName = SnapKit;
		};
		EEA14E9225E6B8220095502B /* SDWebImage */ = {
			isa = XCSwiftPackageProductDependency;
			package = EEA14E9125E6B8220095502B /* XCRemoteSwiftPackageReference "SDWebImage" */;
			productName = SDWebImage;
		};
		EEA14EB025E77EE50095502B /* Alamofire */ = {
			isa = XCSwiftPackageProductDependency;
			package = EEA14EAF25E77EE50095502B /* XCRemoteSwiftPackageReference "Alamofire" */;
			productName = Alamofire;
		};
/* End XCSwiftPackageProductDependency section */
	};
	rootObject = EEA14E3D25E6A4AD0095502B /* Project object */;
}
